
Microsoft Visual Studio Solution File, Format Version 12.00
# Visual Studio Version 17
VisualStudioVersion = 17.11.35222.181
MinimumVisualStudioVersion = 10.0.40219.1
Project("{FAE04EC0-301F-11D3-BF4B-00C04F79EFBC}") = "MB.EN.MCPP.SimTaxi.WebApi", "MB.EN.MCPP.SimTaxi.WebApi\MB.EN.MCPP.SimTaxi.WebApi.csproj", "{E2FD5F78-B087-4C2A-B753-89F0A01E9347}"
EndProject
Project("{FAE04EC0-301F-11D3-BF4B-00C04F79EFBC}") = "MB.EN.MCPP.SimTaxi.Entities", "MB.EN.MCPP.SimTaxi.Entities\MB.EN.MCPP.SimTaxi.Entities.csproj", "{B0EAAE4E-E7BC-4DDA-80B7-FE6F91CB62B8}"
EndProject
Project("{FAE04EC0-301F-11D3-BF4B-00C04F79EFBC}") = "MB.EN.MCPP.SimTaxi.Utils", "MB.EN.MCPP.SimTaxi.Utils\MB.EN.MCPP.SimTaxi.Utils.csproj", "{A8062F7B-EEC0-4674-AE82-D2F23AD131AD}"
EndProject
Global
	GlobalSection(SolutionConfigurationPlatforms) = preSolution
		Debug|Any CPU = Debug|Any CPU
		Release|Any CPU = Release|Any CPU
	EndGlobalSection
	GlobalSection(ProjectConfigurationPlatforms) = postSolution
		{E2FD5F78-B087-4C2A-B753-89F0A01E9347}.Debug|Any CPU.ActiveCfg = Debug|Any CPU
		{E2FD5F78-B087-4C2A-B753-89F0A01E9347}.Debug|Any CPU.Build.0 = Debug|Any CPU
		{E2FD5F78-B087-4C2A-B753-89F0A01E9347}.Release|Any CPU.ActiveCfg = Release|Any CPU
		{E2FD5F78-B087-4C2A-B753-89F0A01E9347}.Release|Any CPU.Build.0 = Release|Any CPU
		{B0EAAE4E-E7BC-4DDA-80B7-FE6F91CB62B8}.Debug|Any CPU.ActiveCfg = Debug|Any CPU
		{B0EAAE4E-E7BC-4DDA-80B7-FE6F91CB62B8}.Debug|Any CPU.Build.0 = Debug|Any CPU
		{B0EAAE4E-E7BC-4DDA-80B7-FE6F91CB62B8}.Release|Any CPU.ActiveCfg = Release|Any CPU
		{B0EAAE4E-E7BC-4DDA-80B7-FE6F91CB62B8}.Release|Any CPU.Build.0 = Release|Any CPU
		{A8062F7B-EEC0-4674-AE82-D2F23AD131AD}.Debug|Any CPU.ActiveCfg = Debug|Any CPU
		{A8062F7B-EEC0-4674-AE82-D2F23AD131AD}.Debug|Any CPU.Build.0 = Debug|Any CPU
		{A8062F7B-EEC0-4674-AE82-D2F23AD131AD}.Release|Any CPU.ActiveCfg = Release|Any CPU
		{A8062F7B-EEC0-4674-AE82-D2F23AD131AD}.Release|Any CPU.Build.0 = Release|Any CPU
	EndGlobalSection
	GlobalSection(SolutionProperties) = preSolution
		HideSolutionNode = FALSE
	EndGlobalSection
	GlobalSection(ExtensibilityGlobals) = postSolution
		SolutionGuid = {FF5F4BBB-2332-4B65-A78D-C72B2C78A90F}
	EndGlobalSection
EndGlobal
